
Microsoft Visual Studio Solution File, Format Version 12.00
# Visual Studio Express 2013 for Windows Desktop
VisualStudioVersion = 12.0.30723.0
MinimumVisualStudioVersion = 10.0.40219.1
Project("{8BC9CEB8-8B4A-11D0-8D11-00A0C91BC942}") = "ShoppingList", "ShoppingList\ShoppingList.vcxproj", "{71C7CE09-C58E-4479-A746-79C23048C5EC}"
EndProject
Project("{8BC9CEB8-8B4A-11D0-8D11-00A0C91BC942}") = "BSTree_Test", "BSTree_Test\BSTree_Test.vcxproj", "{BBF5A4C7-E96F-4AD2-8F07-D1620BC60C1F}"
EndProject
Project("{8BC9CEB8-8B4A-11D0-8D11-00A0C91BC942}") = "UserIOTest", "UserIOTest\UserIOTest.vcxproj", "{FB32B884-7EBC-4BB8-99D4-A72B01F84253}"
EndProject
Global
	GlobalSection(SolutionConfigurationPlatforms) = preSolution
		Debug|Win32 = Debug|Win32
		Release|Win32 = Release|Win32
	EndGlobalSection
	GlobalSection(ProjectConfigurationPlatforms) = postSolution
		{71C7CE09-C58E-4479-A746-79C23048C5EC}.Debug|Win32.ActiveCfg = Debug|Win32
		{71C7CE09-C58E-4479-A746-79C23048C5EC}.Debug|Win32.Build.0 = Debug|Win32
		{71C7CE09-C58E-4479-A746-79C23048C5EC}.Release|Win32.ActiveCfg = Release|Win32
		{71C7CE09-C58E-4479-A746-79C23048C5EC}.Release|Win32.Build.0 = Release|Win32
		{BBF5A4C7-E96F-4AD2-8F07-D1620BC60C1F}.Debug|Win32.ActiveCfg = Debug|Win32
		{BBF5A4C7-E96F-4AD2-8F07-D1620BC60C1F}.Debug|Win32.Build.0 = Debug|Win32
		{BBF5A4C7-E96F-4AD2-8F07-D1620BC60C1F}.Release|Win32.ActiveCfg = Release|Win32
		{BBF5A4C7-E96F-4AD2-8F07-D1620BC60C1F}.Release|Win32.Build.0 = Release|Win32
		{FB32B884-7EBC-4BB8-99D4-A72B01F84253}.Debug|Win32.ActiveCfg = Debug|Win32
		{FB32B884-7EBC-4BB8-99D4-A72B01F84253}.Debug|Win32.Build.0 = Debug|Win32
		{FB32B884-7EBC-4BB8-99D4-A72B01F84253}.Release|Win32.ActiveCfg = Release|Win32
		{FB32B884-7EBC-4BB8-99D4-A72B01F84253}.Release|Win32.Build.0 = Release|Win32
	EndGlobalSection
	GlobalSection(SolutionProperties) = preSolution
		HideSolutionNode = FALSE
	EndGlobalSection
EndGlobal
